
Microsoft Visual Studio Solution File, Format Version 12.00
Project("{FAE04EC0-301F-11D3-BF4B-00C04F79EFBC}") = "Sequences", "Sequences\Sequences.csproj", "{ECCEE21A-4416-4B13-BF7E-17B0C748D7BA}"
EndProject
Global
	GlobalSection(SolutionConfigurationPlatforms) = preSolution
		Debug|Any CPU = Debug|Any CPU
		Release|Any CPU = Release|Any CPU
	EndGlobalSection
	GlobalSection(ProjectConfigurationPlatforms) = postSolution
		{ECCEE21A-4416-4B13-BF7E-17B0C748D7BA}.Debug|Any CPU.ActiveCfg = Debug|Any CPU
		{ECCEE21A-4416-4B13-BF7E-17B0C748D7BA}.Debug|Any CPU.Build.0 = Debug|Any CPU
		{ECCEE21A-4416-4B13-BF7E-17B0C748D7BA}.Release|Any CPU.ActiveCfg = Release|Any CPU
		{ECCEE21A-4416-4B13-BF7E-17B0C748D7BA}.Release|Any CPU.Build.0 = Release|Any CPU
	EndGlobalSection
EndGlobal
